
Microsoft Visual Studio Solution File, Format Version 12.00
# Visual Studio Version 16
VisualStudioVersion = 16.0.32510.428
MinimumVisualStudioVersion = 10.0.40219.1
Project("{8BC9CEB8-8B4A-11D0-8D11-00A0C91BC942}") = "TicTacToe_PyLib", "TicTacToe_PyLib\TicTacToe_PyLib.vcxproj", "{735B1731-B7A1-4579-97D1-FB90F3F6BE15}"
EndProject
Project("{888888A0-9F3D-457C-B088-3A5042F75D52}") = "Test", "Test\Test.pyproj", "{D4ED7BF1-D7B2-444A-82A4-2B40965A7CBA}"
EndProject
Global
	GlobalSection(SolutionConfigurationPlatforms) = preSolution
		Debug|Any CPU = Debug|Any CPU
		Debug|x64 = Debug|x64
		Debug|x86 = Debug|x86
		Release|Any CPU = Release|Any CPU
		Release|x64 = Release|x64
		Release|x86 = Release|x86
	EndGlobalSection
	GlobalSection(ProjectConfigurationPlatforms) = postSolution
		{735B1731-B7A1-4579-97D1-FB90F3F6BE15}.Debug|Any CPU.ActiveCfg = Debug|Win32
		{735B1731-B7A1-4579-97D1-FB90F3F6BE15}.Debug|x64.ActiveCfg = Debug|x64
		{735B1731-B7A1-4579-97D1-FB90F3F6BE15}.Debug|x64.Build.0 = Debug|x64
		{735B1731-B7A1-4579-97D1-FB90F3F6BE15}.Debug|x86.ActiveCfg = Debug|Win32
		{735B1731-B7A1-4579-97D1-FB90F3F6BE15}.Debug|x86.Build.0 = Debug|Win32
		{735B1731-B7A1-4579-97D1-FB90F3F6BE15}.Release|Any CPU.ActiveCfg = Release|Win32
		{735B1731-B7A1-4579-97D1-FB90F3F6BE15}.Release|x64.ActiveCfg = Release|x64
		{735B1731-B7A1-4579-97D1-FB90F3F6BE15}.Release|x64.Build.0 = Release|x64
		{735B1731-B7A1-4579-97D1-FB90F3F6BE15}.Release|x86.ActiveCfg = Release|Win32
		{735B1731-B7A1-4579-97D1-FB90F3F6BE15}.Release|x86.Build.0 = Release|Win32
		{D4ED7BF1-D7B2-444A-82A4-2B40965A7CBA}.Debug|Any CPU.ActiveCfg = Debug|Any CPU
		{D4ED7BF1-D7B2-444A-82A4-2B40965A7CBA}.Debug|x64.ActiveCfg = Debug|Any CPU
		{D4ED7BF1-D7B2-444A-82A4-2B40965A7CBA}.Debug|x86.ActiveCfg = Debug|Any CPU
		{D4ED7BF1-D7B2-444A-82A4-2B40965A7CBA}.Release|Any CPU.ActiveCfg = Release|Any CPU
		{D4ED7BF1-D7B2-444A-82A4-2B40965A7CBA}.Release|x64.ActiveCfg = Release|Any CPU
		{D4ED7BF1-D7B2-444A-82A4-2B40965A7CBA}.Release|x86.ActiveCfg = Release|Any CPU
	EndGlobalSection
	GlobalSection(SolutionProperties) = preSolution
		HideSolutionNode = FALSE
	EndGlobalSection
	GlobalSection(ExtensibilityGlobals) = postSolution
		SolutionGuid = {ECD905D6-4B32-4ECA-997B-6C988694841F}
	EndGlobalSection
EndGlobal
